
Microsoft Visual Studio Solution File, Format Version 12.00
# Visual Studio Version 17
VisualStudioVersion = 17.0.32112.339
MinimumVisualStudioVersion = 10.0.40219.1
Project("{FAE04EC0-301F-11D3-BF4B-00C04F79EFBC}") = "MongoDB.Analyzer.Sample", "MongoDB.Analyzer.Sample.csproj", "{7DC03E37-5894-4FF5-A140-E75B189BFE11}"
EndProject
Global
	GlobalSection(SolutionConfigurationPlatforms) = preSolution
		Debug|Any CPU = Debug|Any CPU
		Release|Any CPU = Release|Any CPU
	EndGlobalSection
	GlobalSection(ProjectConfigurationPlatforms) = postSolution
		{7DC03E37-5894-4FF5-A140-E75B189BFE11}.Debug|Any CPU.ActiveCfg = Debug|Any CPU
		{7DC03E37-5894-4FF5-A140-E75B189BFE11}.Debug|Any CPU.Build.0 = Debug|Any CPU
		{7DC03E37-5894-4FF5-A140-E75B189BFE11}.Release|Any CPU.ActiveCfg = Release|Any CPU
		{7DC03E37-5894-4FF5-A140-E75B189BFE11}.Release|Any CPU.Build.0 = Release|Any CPU
	EndGlobalSection
	GlobalSection(SolutionProperties) = preSolution
		HideSolutionNode = FALSE
	EndGlobalSection
	GlobalSection(ExtensibilityGlobals) = postSolution
		SolutionGuid = {7ACCCA24-4461-4081-9253-A0FA2BE2CC16}
	EndGlobalSection
EndGlobal
