
Microsoft Visual Studio Solution File, Format Version 12.00
# Visual Studio Version 17
VisualStudioVersion = 17.1.32210.238
MinimumVisualStudioVersion = 10.0.40219.1
Project("{FAE04EC0-301F-11D3-BF4B-00C04F79EFBC}") = "ConditionalCompiler", "ConditionalCompiler.csproj", "{4EB3DB37-C6A3-4CE1-8BAC-D1679FC939B0}"
EndProject
Global
	GlobalSection(SolutionConfigurationPlatforms) = preSolution
		Debug|Any CPU = Debug|Any CPU
		Release|Any CPU = Release|Any CPU
	EndGlobalSection
	GlobalSection(ProjectConfigurationPlatforms) = postSolution
		{4EB3DB37-C6A3-4CE1-8BAC-D1679FC939B0}.Debug|Any CPU.ActiveCfg = Debug|Any CPU
		{4EB3DB37-C6A3-4CE1-8BAC-D1679FC939B0}.Debug|Any CPU.Build.0 = Debug|Any CPU
		{4EB3DB37-C6A3-4CE1-8BAC-D1679FC939B0}.Release|Any CPU.ActiveCfg = Release|Any CPU
		{4EB3DB37-C6A3-4CE1-8BAC-D1679FC939B0}.Release|Any CPU.Build.0 = Release|Any CPU
	EndGlobalSection
	GlobalSection(SolutionProperties) = preSolution
		HideSolutionNode = FALSE
	EndGlobalSection
	GlobalSection(ExtensibilityGlobals) = postSolution
		SolutionGuid = {5E813B95-CCA0-4026-8BA3-27F93D1893F6}
	EndGlobalSection
EndGlobal
