
Microsoft Visual Studio Solution File, Format Version 12.00
# Visual Studio Version 17
VisualStudioVersion = 17.1.32228.430
MinimumVisualStudioVersion = 10.0.40219.1
Project("{FAE04EC0-301F-11D3-BF4B-00C04F79EFBC}") = "Prototype", "Prototype.csproj", "{8EC0559D-A949-4C80-BDBE-C75730BFD0D0}"
EndProject
Global
	GlobalSection(SolutionConfigurationPlatforms) = preSolution
		Debug|Any CPU = Debug|Any CPU
		Release|Any CPU = Release|Any CPU
	EndGlobalSection
	GlobalSection(ProjectConfigurationPlatforms) = postSolution
		{8EC0559D-A949-4C80-BDBE-C75730BFD0D0}.Debug|Any CPU.ActiveCfg = Debug|Any CPU
		{8EC0559D-A949-4C80-BDBE-C75730BFD0D0}.Debug|Any CPU.Build.0 = Debug|Any CPU
		{8EC0559D-A949-4C80-BDBE-C75730BFD0D0}.Release|Any CPU.ActiveCfg = Release|Any CPU
		{8EC0559D-A949-4C80-BDBE-C75730BFD0D0}.Release|Any CPU.Build.0 = Release|Any CPU
	EndGlobalSection
	GlobalSection(SolutionProperties) = preSolution
		HideSolutionNode = FALSE
	EndGlobalSection
	GlobalSection(ExtensibilityGlobals) = postSolution
		SolutionGuid = {278B9F6E-21F6-4E2F-965F-21AEAE7AF084}
	EndGlobalSection
EndGlobal
