
Microsoft Visual Studio Solution File, Format Version 12.00
# Visual Studio Version 17
VisualStudioVersion = 17.0.32002.185
MinimumVisualStudioVersion = 10.0.40219.1
Project("{FAE04EC0-301F-11D3-BF4B-00C04F79EFBC}") = "RecordType", "RecordType.csproj", "{32E58A9A-7C71-43E7-BDC0-6E2819E1B07A}"
EndProject
Global
	GlobalSection(SolutionConfigurationPlatforms) = preSolution
		Debug|Any CPU = Debug|Any CPU
		Release|Any CPU = Release|Any CPU
	EndGlobalSection
	GlobalSection(ProjectConfigurationPlatforms) = postSolution
		{32E58A9A-7C71-43E7-BDC0-6E2819E1B07A}.Debug|Any CPU.ActiveCfg = Debug|Any CPU
		{32E58A9A-7C71-43E7-BDC0-6E2819E1B07A}.Debug|Any CPU.Build.0 = Debug|Any CPU
		{32E58A9A-7C71-43E7-BDC0-6E2819E1B07A}.Release|Any CPU.ActiveCfg = Release|Any CPU
		{32E58A9A-7C71-43E7-BDC0-6E2819E1B07A}.Release|Any CPU.Build.0 = Release|Any CPU
	EndGlobalSection
	GlobalSection(SolutionProperties) = preSolution
		HideSolutionNode = FALSE
	EndGlobalSection
	GlobalSection(ExtensibilityGlobals) = postSolution
		SolutionGuid = {265485DB-80D4-43D3-86FD-C2F0112F9BB4}
	EndGlobalSection
EndGlobal
