
Microsoft Visual Studio Solution File, Format Version 12.00
# Visual Studio Version 17
VisualStudioVersion = 17.1.32228.430
MinimumVisualStudioVersion = 10.0.40219.1
Project("{FAE04EC0-301F-11D3-BF4B-00C04F79EFBC}") = "Adapter", "Adapter.csproj", "{407776B6-D8CC-4D14-8B80-5D4381C82A61}"
EndProject
Global
	GlobalSection(SolutionConfigurationPlatforms) = preSolution
		Debug|Any CPU = Debug|Any CPU
		Release|Any CPU = Release|Any CPU
	EndGlobalSection
	GlobalSection(ProjectConfigurationPlatforms) = postSolution
		{407776B6-D8CC-4D14-8B80-5D4381C82A61}.Debug|Any CPU.ActiveCfg = Debug|Any CPU
		{407776B6-D8CC-4D14-8B80-5D4381C82A61}.Debug|Any CPU.Build.0 = Debug|Any CPU
		{407776B6-D8CC-4D14-8B80-5D4381C82A61}.Release|Any CPU.ActiveCfg = Release|Any CPU
		{407776B6-D8CC-4D14-8B80-5D4381C82A61}.Release|Any CPU.Build.0 = Release|Any CPU
	EndGlobalSection
	GlobalSection(SolutionProperties) = preSolution
		HideSolutionNode = FALSE
	EndGlobalSection
	GlobalSection(ExtensibilityGlobals) = postSolution
		SolutionGuid = {1630662E-EF19-4B81-B896-FEDF0168E762}
	EndGlobalSection
EndGlobal
