
Microsoft Visual Studio Solution File, Format Version 12.00
# Visual Studio Version 17
VisualStudioVersion = 17.4.33205.214
MinimumVisualStudioVersion = 10.0.40219.1
Project("{9A19103F-16F7-4668-BE54-9A1E7A4F7556}") = "DependencyValidation.WeatherApi", "src\DependencyValidation.WeatherApi.csproj", "{2B92826F-570B-4E76-B3F0-1EBCF00A2A4D}"
EndProject
Project("{FAE04EC0-301F-11D3-BF4B-00C04F79EFBC}") = "DependencyValidation.Tests", "tests\DependencyValidation.Tests.csproj", "{72EA30AB-B483-4847-B560-384C21DDD2BD}"
EndProject
Global
	GlobalSection(SolutionConfigurationPlatforms) = preSolution
		Debug|Any CPU = Debug|Any CPU
		Release|Any CPU = Release|Any CPU
	EndGlobalSection
	GlobalSection(ProjectConfigurationPlatforms) = postSolution
		{2B92826F-570B-4E76-B3F0-1EBCF00A2A4D}.Debug|Any CPU.ActiveCfg = Debug|Any CPU
		{2B92826F-570B-4E76-B3F0-1EBCF00A2A4D}.Debug|Any CPU.Build.0 = Debug|Any CPU
		{2B92826F-570B-4E76-B3F0-1EBCF00A2A4D}.Release|Any CPU.ActiveCfg = Release|Any CPU
		{2B92826F-570B-4E76-B3F0-1EBCF00A2A4D}.Release|Any CPU.Build.0 = Release|Any CPU
		{72EA30AB-B483-4847-B560-384C21DDD2BD}.Debug|Any CPU.ActiveCfg = Debug|Any CPU
		{72EA30AB-B483-4847-B560-384C21DDD2BD}.Debug|Any CPU.Build.0 = Debug|Any CPU
		{72EA30AB-B483-4847-B560-384C21DDD2BD}.Release|Any CPU.ActiveCfg = Release|Any CPU
		{72EA30AB-B483-4847-B560-384C21DDD2BD}.Release|Any CPU.Build.0 = Release|Any CPU
	EndGlobalSection
	GlobalSection(SolutionProperties) = preSolution
		HideSolutionNode = FALSE
	EndGlobalSection
	GlobalSection(ExtensibilityGlobals) = postSolution
		SolutionGuid = {5BCB50E9-706D-4763-9169-86859EABB66A}
	EndGlobalSection
EndGlobal
