
Microsoft Visual Studio Solution File, Format Version 12.00
# Visual Studio Version 17
VisualStudioVersion = 17.2.32602.215
MinimumVisualStudioVersion = 10.0.40219.1
Project("{FAE04EC0-301F-11D3-BF4B-00C04F79EFBC}") = "EnvironmentVariableDemo", "EnvironmentVariableDemo.csproj", "{6EC2127B-3D6D-4F83-9208-7BF5C1D71BC6}"
EndProject
Global
	GlobalSection(SolutionConfigurationPlatforms) = preSolution
		Debug|Any CPU = Debug|Any CPU
		Release|Any CPU = Release|Any CPU
	EndGlobalSection
	GlobalSection(ProjectConfigurationPlatforms) = postSolution
		{6EC2127B-3D6D-4F83-9208-7BF5C1D71BC6}.Debug|Any CPU.ActiveCfg = Debug|Any CPU
		{6EC2127B-3D6D-4F83-9208-7BF5C1D71BC6}.Debug|Any CPU.Build.0 = Debug|Any CPU
		{6EC2127B-3D6D-4F83-9208-7BF5C1D71BC6}.Release|Any CPU.ActiveCfg = Release|Any CPU
		{6EC2127B-3D6D-4F83-9208-7BF5C1D71BC6}.Release|Any CPU.Build.0 = Release|Any CPU
	EndGlobalSection
	GlobalSection(SolutionProperties) = preSolution
		HideSolutionNode = FALSE
	EndGlobalSection
	GlobalSection(ExtensibilityGlobals) = postSolution
		SolutionGuid = {F2849D85-DEA4-468F-B0EB-47D2E20E1537}
	EndGlobalSection
EndGlobal
