
Microsoft Visual Studio Solution File, Format Version 12.00
# Visual Studio Version 17
VisualStudioVersion = 17.1.32210.238
MinimumVisualStudioVersion = 10.0.40219.1
Project("{FAE04EC0-301F-11D3-BF4B-00C04F79EFBC}") = "MinimalAPIDemo", "MinimalAPIDemo\MinimalAPIDemo.csproj", "{C65049DE-C63D-473E-8C82-4651BF7BB221}"
EndProject
Project("{FAE04EC0-301F-11D3-BF4B-00C04F79EFBC}") = "MinimalAPIDemo.Tests", "MinimalAPIDemo.Tests\MinimalAPIDemo.Tests.csproj", "{C62656F4-9207-4750-867C-4EFFE44414C2}"
EndProject
Global
	GlobalSection(SolutionConfigurationPlatforms) = preSolution
		Debug|Any CPU = Debug|Any CPU
		Release|Any CPU = Release|Any CPU
	EndGlobalSection
	GlobalSection(ProjectConfigurationPlatforms) = postSolution
		{C65049DE-C63D-473E-8C82-4651BF7BB221}.Debug|Any CPU.ActiveCfg = Debug|Any CPU
		{C65049DE-C63D-473E-8C82-4651BF7BB221}.Debug|Any CPU.Build.0 = Debug|Any CPU
		{C65049DE-C63D-473E-8C82-4651BF7BB221}.Release|Any CPU.ActiveCfg = Release|Any CPU
		{C65049DE-C63D-473E-8C82-4651BF7BB221}.Release|Any CPU.Build.0 = Release|Any CPU
		{C62656F4-9207-4750-867C-4EFFE44414C2}.Debug|Any CPU.ActiveCfg = Debug|Any CPU
		{C62656F4-9207-4750-867C-4EFFE44414C2}.Debug|Any CPU.Build.0 = Debug|Any CPU
		{C62656F4-9207-4750-867C-4EFFE44414C2}.Release|Any CPU.ActiveCfg = Release|Any CPU
		{C62656F4-9207-4750-867C-4EFFE44414C2}.Release|Any CPU.Build.0 = Release|Any CPU
	EndGlobalSection
	GlobalSection(SolutionProperties) = preSolution
		HideSolutionNode = FALSE
	EndGlobalSection
	GlobalSection(ExtensibilityGlobals) = postSolution
		SolutionGuid = {318DB6C9-6FA7-4BBD-A9A9-D5432EC0538C}
	EndGlobalSection
EndGlobal
