
Microsoft Visual Studio Solution File, Format Version 12.00
# Visual Studio Version 17
VisualStudioVersion = 17.1.32328.378
MinimumVisualStudioVersion = 10.0.40219.1
Project("{FAE04EC0-301F-11D3-BF4B-00C04F79EFBC}") = "ChainOfResponsibility", "ChainOfResponsibility.csproj", "{8A82C1EC-5ACF-436A-B05F-92DE514083A4}"
EndProject
Global
	GlobalSection(SolutionConfigurationPlatforms) = preSolution
		Debug|Any CPU = Debug|Any CPU
		Release|Any CPU = Release|Any CPU
	EndGlobalSection
	GlobalSection(ProjectConfigurationPlatforms) = postSolution
		{8A82C1EC-5ACF-436A-B05F-92DE514083A4}.Debug|Any CPU.ActiveCfg = Debug|Any CPU
		{8A82C1EC-5ACF-436A-B05F-92DE514083A4}.Debug|Any CPU.Build.0 = Debug|Any CPU
		{8A82C1EC-5ACF-436A-B05F-92DE514083A4}.Release|Any CPU.ActiveCfg = Release|Any CPU
		{8A82C1EC-5ACF-436A-B05F-92DE514083A4}.Release|Any CPU.Build.0 = Release|Any CPU
	EndGlobalSection
	GlobalSection(SolutionProperties) = preSolution
		HideSolutionNode = FALSE
	EndGlobalSection
	GlobalSection(ExtensibilityGlobals) = postSolution
		SolutionGuid = {5360181A-C844-474B-B3C3-5E5FE6327A59}
	EndGlobalSection
EndGlobal
